
Microsoft Visual Studio Solution File, Format Version 12.00
# Visual Studio Version 16
VisualStudioVersion = 16.0.30804.86
MinimumVisualStudioVersion = 10.0.40219.1
Project("{FAE04EC0-301F-11D3-BF4B-00C04F79EFBC}") = "CountTrianglesCodility", "CountTrianglesCodility\CountTrianglesCodility.csproj", "{AA63663E-119F-455A-AB75-226BFCF05172}"
EndProject
Global
	GlobalSection(SolutionConfigurationPlatforms) = preSolution
		Debug|Any CPU = Debug|Any CPU
		Release|Any CPU = Release|Any CPU
	EndGlobalSection
	GlobalSection(ProjectConfigurationPlatforms) = postSolution
		{AA63663E-119F-455A-AB75-226BFCF05172}.Debug|Any CPU.ActiveCfg = Debug|Any CPU
		{AA63663E-119F-455A-AB75-226BFCF05172}.Debug|Any CPU.Build.0 = Debug|Any CPU
		{AA63663E-119F-455A-AB75-226BFCF05172}.Release|Any CPU.ActiveCfg = Release|Any CPU
		{AA63663E-119F-455A-AB75-226BFCF05172}.Release|Any CPU.Build.0 = Release|Any CPU
	EndGlobalSection
	GlobalSection(SolutionProperties) = preSolution
		HideSolutionNode = FALSE
	EndGlobalSection
	GlobalSection(ExtensibilityGlobals) = postSolution
		SolutionGuid = {022902BC-2745-4ED2-8A2D-8C29AC90E7CD}
	EndGlobalSection
EndGlobal
