
Microsoft Visual Studio Solution File, Format Version 12.00
# Visual Studio Version 16
VisualStudioVersion = 16.0.30804.86
MinimumVisualStudioVersion = 10.0.40219.1
Project("{FAE04EC0-301F-11D3-BF4B-00C04F79EFBC}") = "LowestCommonAncestorinaBinaryTree", "LowestCommonAncestorinaBinaryTree\LowestCommonAncestorinaBinaryTree.csproj", "{57EC9BC2-4F5D-49D7-B287-7AE4C262A30B}"
EndProject
Global
	GlobalSection(SolutionConfigurationPlatforms) = preSolution
		Debug|Any CPU = Debug|Any CPU
		Release|Any CPU = Release|Any CPU
	EndGlobalSection
	GlobalSection(ProjectConfigurationPlatforms) = postSolution
		{57EC9BC2-4F5D-49D7-B287-7AE4C262A30B}.Debug|Any CPU.ActiveCfg = Debug|Any CPU
		{57EC9BC2-4F5D-49D7-B287-7AE4C262A30B}.Debug|Any CPU.Build.0 = Debug|Any CPU
		{57EC9BC2-4F5D-49D7-B287-7AE4C262A30B}.Release|Any CPU.ActiveCfg = Release|Any CPU
		{57EC9BC2-4F5D-49D7-B287-7AE4C262A30B}.Release|Any CPU.Build.0 = Release|Any CPU
	EndGlobalSection
	GlobalSection(SolutionProperties) = preSolution
		HideSolutionNode = FALSE
	EndGlobalSection
	GlobalSection(ExtensibilityGlobals) = postSolution
		SolutionGuid = {5B4C157B-3E69-47F7-BD59-BDD6529C2F12}
	EndGlobalSection
EndGlobal
