
Microsoft Visual Studio Solution File, Format Version 12.00
# Visual Studio Version 16
VisualStudioVersion = 16.0.30804.86
MinimumVisualStudioVersion = 10.0.40219.1
Project("{FAE04EC0-301F-11D3-BF4B-00C04F79EFBC}") = "LadderCodility", "LadderCodility\LadderCodility.csproj", "{CD9AF82D-661D-4E47-A977-43A4BD8A08F1}"
EndProject
Global
	GlobalSection(SolutionConfigurationPlatforms) = preSolution
		Debug|Any CPU = Debug|Any CPU
		Release|Any CPU = Release|Any CPU
	EndGlobalSection
	GlobalSection(ProjectConfigurationPlatforms) = postSolution
		{CD9AF82D-661D-4E47-A977-43A4BD8A08F1}.Debug|Any CPU.ActiveCfg = Debug|Any CPU
		{CD9AF82D-661D-4E47-A977-43A4BD8A08F1}.Debug|Any CPU.Build.0 = Debug|Any CPU
		{CD9AF82D-661D-4E47-A977-43A4BD8A08F1}.Release|Any CPU.ActiveCfg = Release|Any CPU
		{CD9AF82D-661D-4E47-A977-43A4BD8A08F1}.Release|Any CPU.Build.0 = Release|Any CPU
	EndGlobalSection
	GlobalSection(SolutionProperties) = preSolution
		HideSolutionNode = FALSE
	EndGlobalSection
	GlobalSection(ExtensibilityGlobals) = postSolution
		SolutionGuid = {F8C3B895-9B38-41DF-9898-609E3FFC6C0E}
	EndGlobalSection
EndGlobal
