
Microsoft Visual Studio Solution File, Format Version 12.00
# Visual Studio Version 16
VisualStudioVersion = 16.0.31105.61
MinimumVisualStudioVersion = 10.0.40219.1
Project("{FAE04EC0-301F-11D3-BF4B-00C04F79EFBC}") = "MagnitudePole", "MagnitudePole\MagnitudePole.csproj", "{A57F1FAD-DAEE-4790-89CC-338C3F5CDB0B}"
EndProject
Global
	GlobalSection(SolutionConfigurationPlatforms) = preSolution
		Debug|Any CPU = Debug|Any CPU
		Release|Any CPU = Release|Any CPU
	EndGlobalSection
	GlobalSection(ProjectConfigurationPlatforms) = postSolution
		{A57F1FAD-DAEE-4790-89CC-338C3F5CDB0B}.Debug|Any CPU.ActiveCfg = Debug|Any CPU
		{A57F1FAD-DAEE-4790-89CC-338C3F5CDB0B}.Debug|Any CPU.Build.0 = Debug|Any CPU
		{A57F1FAD-DAEE-4790-89CC-338C3F5CDB0B}.Release|Any CPU.ActiveCfg = Release|Any CPU
		{A57F1FAD-DAEE-4790-89CC-338C3F5CDB0B}.Release|Any CPU.Build.0 = Release|Any CPU
	EndGlobalSection
	GlobalSection(SolutionProperties) = preSolution
		HideSolutionNode = FALSE
	EndGlobalSection
	GlobalSection(ExtensibilityGlobals) = postSolution
		SolutionGuid = {ADF0295D-DC40-4191-A1E3-44CF77ABAD83}
	EndGlobalSection
EndGlobal
