
Microsoft Visual Studio Solution File, Format Version 12.00
# Visual Studio Version 16
VisualStudioVersion = 16.0.31112.23
MinimumVisualStudioVersion = 10.0.40219.1
Project("{FAE04EC0-301F-11D3-BF4B-00C04F79EFBC}") = "ClocksBruteForce", "ClocksBruteForce\ClocksBruteForce.csproj", "{D0A641B3-07F4-409C-A50F-2A6AA5142BB8}"
EndProject
Global
	GlobalSection(SolutionConfigurationPlatforms) = preSolution
		Debug|Any CPU = Debug|Any CPU
		Release|Any CPU = Release|Any CPU
	EndGlobalSection
	GlobalSection(ProjectConfigurationPlatforms) = postSolution
		{D0A641B3-07F4-409C-A50F-2A6AA5142BB8}.Debug|Any CPU.ActiveCfg = Debug|Any CPU
		{D0A641B3-07F4-409C-A50F-2A6AA5142BB8}.Debug|Any CPU.Build.0 = Debug|Any CPU
		{D0A641B3-07F4-409C-A50F-2A6AA5142BB8}.Release|Any CPU.ActiveCfg = Release|Any CPU
		{D0A641B3-07F4-409C-A50F-2A6AA5142BB8}.Release|Any CPU.Build.0 = Release|Any CPU
	EndGlobalSection
	GlobalSection(SolutionProperties) = preSolution
		HideSolutionNode = FALSE
	EndGlobalSection
	GlobalSection(ExtensibilityGlobals) = postSolution
		SolutionGuid = {90B20B95-60EE-4B0F-A934-28021B91C6BB}
	EndGlobalSection
EndGlobal
