
Microsoft Visual Studio Solution File, Format Version 12.00
# Visual Studio Version 16
VisualStudioVersion = 16.0.30804.86
MinimumVisualStudioVersion = 10.0.40219.1
Project("{FAE04EC0-301F-11D3-BF4B-00C04F79EFBC}") = "FleepAnImageCodility", "FleepAnImageCodility\FleepAnImageCodility.csproj", "{AD63D143-90A3-415A-8347-4443140A64F8}"
EndProject
Global
	GlobalSection(SolutionConfigurationPlatforms) = preSolution
		Debug|Any CPU = Debug|Any CPU
		Release|Any CPU = Release|Any CPU
	EndGlobalSection
	GlobalSection(ProjectConfigurationPlatforms) = postSolution
		{AD63D143-90A3-415A-8347-4443140A64F8}.Debug|Any CPU.ActiveCfg = Debug|Any CPU
		{AD63D143-90A3-415A-8347-4443140A64F8}.Debug|Any CPU.Build.0 = Debug|Any CPU
		{AD63D143-90A3-415A-8347-4443140A64F8}.Release|Any CPU.ActiveCfg = Release|Any CPU
		{AD63D143-90A3-415A-8347-4443140A64F8}.Release|Any CPU.Build.0 = Release|Any CPU
	EndGlobalSection
	GlobalSection(SolutionProperties) = preSolution
		HideSolutionNode = FALSE
	EndGlobalSection
	GlobalSection(ExtensibilityGlobals) = postSolution
		SolutionGuid = {7C6A109A-59C1-4504-B7BD-D1989B67A191}
	EndGlobalSection
EndGlobal
