
Microsoft Visual Studio Solution File, Format Version 12.00
# Visual Studio Version 16
VisualStudioVersion = 16.0.31112.23
MinimumVisualStudioVersion = 10.0.40219.1
Project("{FAE04EC0-301F-11D3-BF4B-00C04F79EFBC}") = "SleepingBreakCodility", "SleepingBreakCodility\SleepingBreakCodility.csproj", "{B38076F8-5401-417C-9A92-487EF1215723}"
EndProject
Global
	GlobalSection(SolutionConfigurationPlatforms) = preSolution
		Debug|Any CPU = Debug|Any CPU
		Release|Any CPU = Release|Any CPU
	EndGlobalSection
	GlobalSection(ProjectConfigurationPlatforms) = postSolution
		{B38076F8-5401-417C-9A92-487EF1215723}.Debug|Any CPU.ActiveCfg = Debug|Any CPU
		{B38076F8-5401-417C-9A92-487EF1215723}.Debug|Any CPU.Build.0 = Debug|Any CPU
		{B38076F8-5401-417C-9A92-487EF1215723}.Release|Any CPU.ActiveCfg = Release|Any CPU
		{B38076F8-5401-417C-9A92-487EF1215723}.Release|Any CPU.Build.0 = Release|Any CPU
	EndGlobalSection
	GlobalSection(SolutionProperties) = preSolution
		HideSolutionNode = FALSE
	EndGlobalSection
	GlobalSection(ExtensibilityGlobals) = postSolution
		SolutionGuid = {3098F5CB-3E16-498A-A0CD-DCD18F9B97C4}
	EndGlobalSection
EndGlobal
