
Microsoft Visual Studio Solution File, Format Version 12.00
# Visual Studio Version 16
VisualStudioVersion = 16.0.31112.23
MinimumVisualStudioVersion = 10.0.40219.1
Project("{FAE04EC0-301F-11D3-BF4B-00C04F79EFBC}") = "RiceChessBoard", "RiceChessBoard\RiceChessBoard.csproj", "{A3CAC87B-6EA7-42E1-BB43-8A9D9FEA2588}"
EndProject
Global
	GlobalSection(SolutionConfigurationPlatforms) = preSolution
		Debug|Any CPU = Debug|Any CPU
		Release|Any CPU = Release|Any CPU
	EndGlobalSection
	GlobalSection(ProjectConfigurationPlatforms) = postSolution
		{A3CAC87B-6EA7-42E1-BB43-8A9D9FEA2588}.Debug|Any CPU.ActiveCfg = Debug|Any CPU
		{A3CAC87B-6EA7-42E1-BB43-8A9D9FEA2588}.Debug|Any CPU.Build.0 = Debug|Any CPU
		{A3CAC87B-6EA7-42E1-BB43-8A9D9FEA2588}.Release|Any CPU.ActiveCfg = Release|Any CPU
		{A3CAC87B-6EA7-42E1-BB43-8A9D9FEA2588}.Release|Any CPU.Build.0 = Release|Any CPU
	EndGlobalSection
	GlobalSection(SolutionProperties) = preSolution
		HideSolutionNode = FALSE
	EndGlobalSection
	GlobalSection(ExtensibilityGlobals) = postSolution
		SolutionGuid = {1585612F-1B2D-4039-8A53-B04E72C6F034}
	EndGlobalSection
EndGlobal
