
Microsoft Visual Studio Solution File, Format Version 12.00
# Visual Studio Version 16
VisualStudioVersion = 16.0.31112.23
MinimumVisualStudioVersion = 10.0.40219.1
Project("{FAE04EC0-301F-11D3-BF4B-00C04F79EFBC}") = "FindMissingAndRepeating", "FindMissingAndRepeating\FindMissingAndRepeating.csproj", "{2AD90BC3-9D42-4200-BF69-633C374665E5}"
EndProject
Global
	GlobalSection(SolutionConfigurationPlatforms) = preSolution
		Debug|Any CPU = Debug|Any CPU
		Release|Any CPU = Release|Any CPU
	EndGlobalSection
	GlobalSection(ProjectConfigurationPlatforms) = postSolution
		{2AD90BC3-9D42-4200-BF69-633C374665E5}.Debug|Any CPU.ActiveCfg = Debug|Any CPU
		{2AD90BC3-9D42-4200-BF69-633C374665E5}.Debug|Any CPU.Build.0 = Debug|Any CPU
		{2AD90BC3-9D42-4200-BF69-633C374665E5}.Release|Any CPU.ActiveCfg = Release|Any CPU
		{2AD90BC3-9D42-4200-BF69-633C374665E5}.Release|Any CPU.Build.0 = Release|Any CPU
	EndGlobalSection
	GlobalSection(SolutionProperties) = preSolution
		HideSolutionNode = FALSE
	EndGlobalSection
	GlobalSection(ExtensibilityGlobals) = postSolution
		SolutionGuid = {EB661549-CFB0-41A9-AE70-9272320D2941}
	EndGlobalSection
EndGlobal
