
Microsoft Visual Studio Solution File, Format Version 12.00
# Visual Studio Version 16
VisualStudioVersion = 16.0.30804.86
MinimumVisualStudioVersion = 10.0.40219.1
Project("{FAE04EC0-301F-11D3-BF4B-00C04F79EFBC}") = "RotateRoundClocks", "RotateRoundClocks\RotateRoundClocks.csproj", "{B2B6963B-9DD1-43D6-A30A-A88703F894BD}"
EndProject
Global
	GlobalSection(SolutionConfigurationPlatforms) = preSolution
		Debug|Any CPU = Debug|Any CPU
		Release|Any CPU = Release|Any CPU
	EndGlobalSection
	GlobalSection(ProjectConfigurationPlatforms) = postSolution
		{B2B6963B-9DD1-43D6-A30A-A88703F894BD}.Debug|Any CPU.ActiveCfg = Debug|Any CPU
		{B2B6963B-9DD1-43D6-A30A-A88703F894BD}.Debug|Any CPU.Build.0 = Debug|Any CPU
		{B2B6963B-9DD1-43D6-A30A-A88703F894BD}.Release|Any CPU.ActiveCfg = Release|Any CPU
		{B2B6963B-9DD1-43D6-A30A-A88703F894BD}.Release|Any CPU.Build.0 = Release|Any CPU
	EndGlobalSection
	GlobalSection(SolutionProperties) = preSolution
		HideSolutionNode = FALSE
	EndGlobalSection
	GlobalSection(ExtensibilityGlobals) = postSolution
		SolutionGuid = {0B04780C-09BD-4FB2-90E0-AD640AE6321B}
	EndGlobalSection
EndGlobal
