
Microsoft Visual Studio Solution File, Format Version 12.00
# Visual Studio Version 16
VisualStudioVersion = 16.0.30804.86
MinimumVisualStudioVersion = 10.0.40219.1
Project("{FAE04EC0-301F-11D3-BF4B-00C04F79EFBC}") = "wordsbannedleet", "wordsbannedleet\wordsbannedleet.csproj", "{02B0AC5F-6E41-4320-8B07-05AF16F82602}"
EndProject
Global
	GlobalSection(SolutionConfigurationPlatforms) = preSolution
		Debug|Any CPU = Debug|Any CPU
		Release|Any CPU = Release|Any CPU
	EndGlobalSection
	GlobalSection(ProjectConfigurationPlatforms) = postSolution
		{02B0AC5F-6E41-4320-8B07-05AF16F82602}.Debug|Any CPU.ActiveCfg = Debug|Any CPU
		{02B0AC5F-6E41-4320-8B07-05AF16F82602}.Debug|Any CPU.Build.0 = Debug|Any CPU
		{02B0AC5F-6E41-4320-8B07-05AF16F82602}.Release|Any CPU.ActiveCfg = Release|Any CPU
		{02B0AC5F-6E41-4320-8B07-05AF16F82602}.Release|Any CPU.Build.0 = Release|Any CPU
	EndGlobalSection
	GlobalSection(SolutionProperties) = preSolution
		HideSolutionNode = FALSE
	EndGlobalSection
	GlobalSection(ExtensibilityGlobals) = postSolution
		SolutionGuid = {6FFB1E1F-832E-45AC-A678-D983E0AD944B}
	EndGlobalSection
EndGlobal
