
Microsoft Visual Studio Solution File, Format Version 12.00
# Visual Studio Version 16
VisualStudioVersion = 16.0.31112.23
MinimumVisualStudioVersion = 10.0.40219.1
Project("{FAE04EC0-301F-11D3-BF4B-00C04F79EFBC}") = "ArrayClosestAssendorEfficient", "ArrayClosestAssendorEfficient\ArrayClosestAssendorEfficient.csproj", "{F16AF794-6C75-4806-B67F-8DA1D42BF61A}"
EndProject
Global
	GlobalSection(SolutionConfigurationPlatforms) = preSolution
		Debug|Any CPU = Debug|Any CPU
		Release|Any CPU = Release|Any CPU
	EndGlobalSection
	GlobalSection(ProjectConfigurationPlatforms) = postSolution
		{F16AF794-6C75-4806-B67F-8DA1D42BF61A}.Debug|Any CPU.ActiveCfg = Debug|Any CPU
		{F16AF794-6C75-4806-B67F-8DA1D42BF61A}.Debug|Any CPU.Build.0 = Debug|Any CPU
		{F16AF794-6C75-4806-B67F-8DA1D42BF61A}.Release|Any CPU.ActiveCfg = Release|Any CPU
		{F16AF794-6C75-4806-B67F-8DA1D42BF61A}.Release|Any CPU.Build.0 = Release|Any CPU
	EndGlobalSection
	GlobalSection(SolutionProperties) = preSolution
		HideSolutionNode = FALSE
	EndGlobalSection
	GlobalSection(ExtensibilityGlobals) = postSolution
		SolutionGuid = {4383772E-CABA-476D-B9FB-667755A6A2A1}
	EndGlobalSection
EndGlobal
